<?xml version="1.0" encoding="UTF-8" standalone="yes" ?>
<CodeBlocks_project_file>
	<FileVersion major="1" minor="6" />
	<Project>
		<Option title="mossy2" />
		<Option makefile_is_custom="1" />
		<Option pch_mode="2" />
		<Option compiler="gcc" />
		<Build>
			<Target title="all">
				<Option output="mossy2" prefix_auto="1" extension_auto="1" />
				<Option type="0" />
				<Option compiler="gcc" />
			</Target>
		</Build>
		<Compiler>
			<Add option="-Wall" />
		</Compiler>
		<Unit filename="src/arch/x86/exceptions.cpp">
			<Option target="&lt;{~None~}&gt;" />
		</Unit>
		<Unit filename="src/arch/x86/exceptions.h">
			<Option target="&lt;{~None~}&gt;" />
		</Unit>
		<Unit filename="src/arch/x86/idt.cpp">
			<Option target="&lt;{~None~}&gt;" />
		</Unit>
		<Unit filename="src/arch/x86/idt.h">
			<Option target="&lt;{~None~}&gt;" />
		</Unit>
		<Unit filename="src/arch/x86/mmap.cpp">
			<Option target="&lt;{~None~}&gt;" />
		</Unit>
		<Unit filename="src/arch/x86/mmap.h">
			<Option target="&lt;{~None~}&gt;" />
		</Unit>
		<Unit filename="src/arch/x86/pic.cpp">
			<Option target="&lt;{~None~}&gt;" />
		</Unit>
		<Unit filename="src/arch/x86/pic.h">
			<Option target="&lt;{~None~}&gt;" />
		</Unit>
		<Unit filename="src/arch/x86/pit.cpp">
			<Option target="&lt;{~None~}&gt;" />
		</Unit>
		<Unit filename="src/arch/x86/pit.h">
			<Option target="&lt;{~None~}&gt;" />
		</Unit>
		<Unit filename="src/asm/boot.s">
			<Option target="&lt;{~None~}&gt;" />
		</Unit>
		<Unit filename="src/asm/idt.s">
			<Option target="&lt;{~None~}&gt;" />
		</Unit>
		<Unit filename="src/begin.cpp">
			<Option target="&lt;{~None~}&gt;" />
		</Unit>
		<Unit filename="src/define.h">
			<Option target="&lt;{~None~}&gt;" />
		</Unit>
		<Unit filename="src/hhalf.cpp">
			<Option target="&lt;{~None~}&gt;" />
		</Unit>
		<Unit filename="src/hhalf.h">
			<Option target="&lt;{~None~}&gt;" />
		</Unit>
		<Unit filename="src/init/multiboot.h">
			<Option target="&lt;{~None~}&gt;" />
		</Unit>
		<Unit filename="src/monitor.cpp">
			<Option target="&lt;{~None~}&gt;" />
		</Unit>
		<Unit filename="src/monitor.h">
			<Option target="&lt;{~None~}&gt;" />
		</Unit>
		<Unit filename="src/panic.h">
			<Option target="&lt;{~None~}&gt;" />
		</Unit>
		<Unit filename="src/stdlib/include/conv.hpp">
			<Option target="&lt;{~None~}&gt;" />
		</Unit>
		<Unit filename="src/stdlib/include/io.h">
			<Option target="&lt;{~None~}&gt;" />
		</Unit>
		<Unit filename="src/stdlib/include/stdlib.h">
			<Option target="&lt;{~None~}&gt;" />
		</Unit>
		<Unit filename="src/stdlib/stdlib.cpp">
			<Option target="&lt;{~None~}&gt;" />
		</Unit>
		<Extensions>
			<code_completion />
			<debugger />
		</Extensions>
	</Project>
</CodeBlocks_project_file>
